# THIS IS AN AUTOGENERATED FILE. DO NOT EDIT THIS FILE DIRECTLY.
# yarn lockfile v1


"@types/hast@^2.0.0":
  version "2.3.4"
  resolved "https://registry.yarnpkg.com/@types/hast/-/hast-2.3.4.tgz#8aa5ef92c117d20d974a82bdfb6a648b08c0bafc"
  integrity sha512-wLEm0QvaoawEDoTRwzTXp4b4jpwiJDvR5KMnFnVodm3scufTlBOWRD6N1OBf9TZMhjlNsSfcO5V+7AF4+Vy+9g==
  dependencies:
    "@types/unist" "*"

"@types/parse5@^6.0.0":
  version "6.0.3"
  resolved "https://registry.yarnpkg.com/@types/parse5/-/parse5-6.0.3.tgz#705bb349e789efa06f43f128cef51240753424cb"
  integrity sha512-SuT16Q1K51EAVPz1K29DJ/sXjhSQ0zjvsypYJ6tlwVsRV9jwW5Adq2ch8Dq8kDBCkYnELS7N7VNCSB5nC56t/g==

"@types/unist@*", "@types/unist@^2.0.0":
  version "2.0.6"
  resolved "https://registry.yarnpkg.com/@types/unist/-/unist-2.0.6.tgz#250a7b16c3b91f672a24552ec64678eeb1d3a08d"
  integrity sha512-PBjIUxZHOuj0R15/xuwJYjFi+KZdNFrehocChv4g5hu6aFroHue8m0lBP0POdK2nKzbw0cgV1mws8+V/JAcEkQ==

bail@^2.0.0:
  version "2.0.2"
  resolved "https://registry.yarnpkg.com/bail/-/bail-2.0.2.tgz#d26f5cd8fe5d6f832a31517b9f7c356040ba6d5d"
  integrity sha512-0xO6mYd7JB2YesxDKplafRpsiOzPt9V02ddPCLbY1xYGPOX24NTyN50qnUxgCPcSoYMhKpAuBTjQoRZCAkUDRw==

bcp-47-match@^2.0.0:
  version "2.0.1"
  resolved "https://registry.yarnpkg.com/bcp-47-match/-/bcp-47-match-2.0.1.tgz#aa8e045386dd4356be07b1fd79d614c108459f4e"
  integrity sha512-+8o7axFDN/h8xATDM87FhnU1eod87dX0eZz1+cW3gggcicBqrmkZc33KBPWoE49qt5Asi5OhcxSOMOzp3opTfg==

boolbase@^1.0.0:
  version "1.0.0"
  resolved "https://registry.yarnpkg.com/boolbase/-/boolbase-1.0.0.tgz#68dff5fbe60c51eb37725ea9e3ed310dcc1e776e"
  integrity sha1-aN/1++YMUes3cl6p4+0xDcwed24=

ccount@^2.0.0:
  version "2.0.1"
  resolved "https://registry.yarnpkg.com/ccount/-/ccount-2.0.1.tgz#17a3bf82302e0870d6da43a01311a8bc02a3ecf5"
  integrity sha512-eyrF0jiFpY+3drT6383f1qhkbGsLSifNAjA61IUjZjmLCWjItY6LB9ft9YhoDgwfmclB2zhu51Lc7+95b8NRAg==

character-entities-html4@^2.0.0:
  version "2.1.0"
  resolved "https://registry.yarnpkg.com/character-entities-html4/-/character-entities-html4-2.1.0.tgz#1f1adb940c971a4b22ba39ddca6b618dc6e56b2b"
  integrity sha512-1v7fgQRj6hnSwFpq1Eu0ynr/CDEw0rXo2B61qXrLNdHZmPKgb7fqS1a2JwF0rISo9q77jDI8VMEHoApn8qDoZA==

character-entities-legacy@^3.0.0:
  version "3.0.0"
  resolved "https://registry.yarnpkg.com/character-entities-legacy/-/character-entities-legacy-3.0.0.tgz#76bc83a90738901d7bc223a9e93759fdd560125b"
  integrity sha512-RpPp0asT/6ufRm//AJVwpViZbGM/MkjQFxJccQRHmISF/22NBtsHqAWmL+/pmkPWoIUJdWyeVleTl1wydHATVQ==

comma-separated-tokens@^2.0.0:
  version "2.0.2"
  resolved "https://registry.yarnpkg.com/comma-separated-tokens/-/comma-separated-tokens-2.0.2.tgz#d4c25abb679b7751c880be623c1179780fe1dd98"
  integrity sha512-G5yTt3KQN4Yn7Yk4ed73hlZ1evrFKXeUW3086p3PRFNp7m2vIjI6Pg+Kgb+oyzhd9F2qdcoj67+y3SdxL5XWsg==

css-selector-parser@^1.0.0:
  version "1.4.1"
  resolved "https://registry.yarnpkg.com/css-selector-parser/-/css-selector-parser-1.4.1.tgz#03f9cb8a81c3e5ab2c51684557d5aaf6d2569759"
  integrity sha512-HYPSb7y/Z7BNDCOrakL4raGO2zltZkbeXyAd6Tg9obzix6QhzxCotdBl6VT0Dv4vZfJGVz3WL/xaEI9Ly3ul0g==

direction@^2.0.0:
  version "2.0.1"
  resolved "https://registry.yarnpkg.com/direction/-/direction-2.0.1.tgz#71800dd3c4fa102406502905d3866e65bdebb985"
  integrity sha512-9S6m9Sukh1cZNknO1CWAr2QAWsbKLafQiyM5gZ7VgXHeuaoUwffKN4q6NC4A/Mf9iiPlOXQEKW/Mv/mh9/3YFA==

extend@^3.0.0:
  version "3.0.2"
  resolved "https://registry.yarnpkg.com/extend/-/extend-3.0.2.tgz#f8b1136b4071fbd8eb140aff858b1019ec2915fa"
  integrity sha512-fjquC59cD7CyW6urNXK0FBufkZcoiGG80wTuPujX590cB5Ttln20E2UB4S/WARVqhXffZl2LNgS+gQdPIIim/g==

hast-util-from-parse5@^7.0.0:
  version "7.1.0"
  resolved "https://registry.yarnpkg.com/hast-util-from-parse5/-/hast-util-from-parse5-7.1.0.tgz#c129dd3a24dd8a867ab8a029ca47e27aa54864b7"
  integrity sha512-m8yhANIAccpU4K6+121KpPP55sSl9/samzQSQGpb0mTExcNh2WlvjtMwSWFhg6uqD4Rr6Nfa8N6TMypQM51rzQ==
  dependencies:
    "@types/hast" "^2.0.0"
    "@types/parse5" "^6.0.0"
    "@types/unist" "^2.0.0"
    hastscript "^7.0.0"
    property-information "^6.0.0"
    vfile "^5.0.0"
    vfile-location "^4.0.0"
    web-namespaces "^2.0.0"

hast-util-has-property@^2.0.0:
  version "2.0.0"
  resolved "https://registry.yarnpkg.com/hast-util-has-property/-/hast-util-has-property-2.0.0.tgz#c15cd6180f3e535540739fcc9787bcffb5708cae"
  integrity sha512-4Qf++8o5v14us4Muv3HRj+Er6wTNGA/N9uCaZMty4JWvyFKLdhULrv4KE1b65AthsSO9TXSZnjuxS8ecIyhb0w==

hast-util-is-element@^2.0.0:
  version "2.1.2"
  resolved "https://registry.yarnpkg.com/hast-util-is-element/-/hast-util-is-element-2.1.2.tgz#fc0b0dc7cef3895e839b8d66979d57b0338c68f3"
  integrity sha512-thjnlGAnwP8ef/GSO1Q8BfVk2gundnc2peGQqEg2kUt/IqesiGg/5mSwN2fE7nLzy61pg88NG6xV+UrGOrx9EA==
  dependencies:
    "@types/hast" "^2.0.0"
    "@types/unist" "^2.0.0"

hast-util-parse-selector@^3.0.0:
  version "3.1.0"
  resolved "https://registry.yarnpkg.com/hast-util-parse-selector/-/hast-util-parse-selector-3.1.0.tgz#a519e27e8b61bd5a98fad494ed06131ce68d9c3f"
  integrity sha512-AyjlI2pTAZEOeu7GeBPZhROx0RHBnydkQIXlhnFzDi0qfXTmGUWoCYZtomHbrdrheV4VFUlPcfJ6LMF5T6sQzg==
  dependencies:
    "@types/hast" "^2.0.0"

hast-util-select@5.0.1:
  version "5.0.1"
  resolved "https://registry.yarnpkg.com/hast-util-select/-/hast-util-select-5.0.1.tgz#ed3788ad1a8d2d7f16a6bf8153ce9378edbe9d6d"
  integrity sha512-cxnImmR/tN/ipvbwGrKtEErmy83K1xWx8Bu7nImiwTOJ7X/fW1X6L1241ux+MYUXDwx8GxrE4LVmXRlEnbQsQA==
  dependencies:
    "@types/hast" "^2.0.0"
    "@types/unist" "^2.0.0"
    bcp-47-match "^2.0.0"
    comma-separated-tokens "^2.0.0"
    css-selector-parser "^1.0.0"
    direction "^2.0.0"
    hast-util-has-property "^2.0.0"
    hast-util-is-element "^2.0.0"
    hast-util-to-string "^2.0.0"
    hast-util-whitespace "^2.0.0"
    not "^0.1.0"
    nth-check "^2.0.0"
    property-information "^6.0.0"
    space-separated-tokens "^2.0.0"
    unist-util-visit "^4.0.0"
    zwitch "^2.0.0"

hast-util-to-html@^8.0.0:
  version "8.0.3"
  resolved "https://registry.yarnpkg.com/hast-util-to-html/-/hast-util-to-html-8.0.3.tgz#4e37580872e143ea9ce0dba87918b19e4ea997e3"
  integrity sha512-/D/E5ymdPYhHpPkuTHOUkSatxr4w1ZKrZsG0Zv/3C2SRVT0JFJG53VS45AMrBtYk0wp5A7ksEhiC8QaOZM95+A==
  dependencies:
    "@types/hast" "^2.0.0"
    ccount "^2.0.0"
    comma-separated-tokens "^2.0.0"
    hast-util-is-element "^2.0.0"
    hast-util-whitespace "^2.0.0"
    html-void-elements "^2.0.0"
    property-information "^6.0.0"
    space-separated-tokens "^2.0.0"
    stringify-entities "^4.0.2"
    unist-util-is "^5.0.0"

hast-util-to-string@^2.0.0:
  version "2.0.0"
  resolved "https://registry.yarnpkg.com/hast-util-to-string/-/hast-util-to-string-2.0.0.tgz#b008b0a4ea472bf34dd390b7eea1018726ae152a"
  integrity sha512-02AQ3vLhuH3FisaMM+i/9sm4OXGSq1UhOOCpTLLQtHdL3tZt7qil69r8M8iDkZYyC0HCFylcYoP+8IO7ddta1A==
  dependencies:
    "@types/hast" "^2.0.0"

hast-util-whitespace@^2.0.0:
  version "2.0.0"
  resolved "https://registry.yarnpkg.com/hast-util-whitespace/-/hast-util-whitespace-2.0.0.tgz#4fc1086467cc1ef5ba20673cb6b03cec3a970f1c"
  integrity sha512-Pkw+xBHuV6xFeJprJe2BBEoDV+AvQySaz3pPDRUs5PNZEMQjpXJJueqrpcHIXxnWTcAGi/UOCgVShlkY6kLoqg==

hastscript@^7.0.0:
  version "7.0.2"
  resolved "https://registry.yarnpkg.com/hastscript/-/hastscript-7.0.2.tgz#d811fc040817d91923448a28156463b2e40d590a"
  integrity sha512-uA8ooUY4ipaBvKcMuPehTAB/YfFLSSzCwFSwT6ltJbocFUKH/GDHLN+tflq7lSRf9H86uOuxOFkh1KgIy3Gg2g==
  dependencies:
    "@types/hast" "^2.0.0"
    comma-separated-tokens "^2.0.0"
    hast-util-parse-selector "^3.0.0"
    property-information "^6.0.0"
    space-separated-tokens "^2.0.0"

html-void-elements@^2.0.0:
  version "2.0.1"
  resolved "https://registry.yarnpkg.com/html-void-elements/-/html-void-elements-2.0.1.tgz#29459b8b05c200b6c5ee98743c41b979d577549f"
  integrity sha512-0quDb7s97CfemeJAnW9wC0hw78MtW7NU3hqtCD75g2vFlDLt36llsYD7uB7SUzojLMP24N5IatXf7ylGXiGG9A==

is-buffer@^2.0.0:
  version "2.0.5"
  resolved "https://registry.yarnpkg.com/is-buffer/-/is-buffer-2.0.5.tgz#ebc252e400d22ff8d77fa09888821a24a658c191"
  integrity sha512-i2R6zNFDwgEHJyQUtJEk0XFi1i0dPFn/oqjK3/vPCcDeJvW5NQ83V8QbicfF1SupOaB0h8ntgBC2YiE7dfyctQ==

is-plain-obj@^4.0.0:
  version "4.0.0"
  resolved "https://registry.yarnpkg.com/is-plain-obj/-/is-plain-obj-4.0.0.tgz#06c0999fd7574edf5a906ba5644ad0feb3a84d22"
  integrity sha512-NXRbBtUdBioI73y/HmOhogw/U5msYPC9DAtGkJXeFcFWSFZw0mCUsPxk/snTuJHzNKA8kLBK4rH97RMB1BfCXw==

not@^0.1.0:
  version "0.1.0"
  resolved "https://registry.yarnpkg.com/not/-/not-0.1.0.tgz#c9691c1746c55dcfbe54cbd8bd4ff041bc2b519d"
  integrity sha1-yWkcF0bFXc++VMvYvU/wQbwrUZ0=

nth-check@^2.0.0:
  version "2.0.1"
  resolved "https://registry.yarnpkg.com/nth-check/-/nth-check-2.0.1.tgz#2efe162f5c3da06a28959fbd3db75dbeea9f0fc2"
  integrity sha512-it1vE95zF6dTT9lBsYbxvqh0Soy4SPowchj0UBGj/V6cTPnXXtQOPUbhZ6CmGzAD/rW22LQK6E96pcdJXk4A4w==
  dependencies:
    boolbase "^1.0.0"

parse5@^6.0.0:
  version "6.0.1"
  resolved "https://registry.yarnpkg.com/parse5/-/parse5-6.0.1.tgz#e1a1c085c569b3dc08321184f19a39cc27f7c30b"
  integrity sha512-Ofn/CTFzRGTTxwpNEs9PP93gXShHcTq255nzRYSKe8AkVpZY7e1fpmTfOyoIvjP5HG7Z2ZM7VS9PPhQGW2pOpw==

property-information@^6.0.0:
  version "6.1.1"
  resolved "https://registry.yarnpkg.com/property-information/-/property-information-6.1.1.tgz#5ca85510a3019726cb9afed4197b7b8ac5926a22"
  integrity sha512-hrzC564QIl0r0vy4l6MvRLhafmUowhO/O3KgVSoXIbbA2Sz4j8HGpJc6T2cubRVwMwpdiG/vKGfhT4IixmKN9w==

rehype-parse@^8.0.0:
  version "8.0.4"
  resolved "https://registry.yarnpkg.com/rehype-parse/-/rehype-parse-8.0.4.tgz#3d17c9ff16ddfef6bbcc8e6a25a99467b482d688"
  integrity sha512-MJJKONunHjoTh4kc3dsM1v3C9kGrrxvA3U8PxZlP2SjH8RNUSrb+lF7Y0KVaUDnGH2QZ5vAn7ulkiajM9ifuqg==
  dependencies:
    "@types/hast" "^2.0.0"
    hast-util-from-parse5 "^7.0.0"
    parse5 "^6.0.0"
    unified "^10.0.0"

rehype-rewrite@^3.0.4:
  version "3.0.4"
  resolved "https://registry.yarnpkg.com/rehype-rewrite/-/rehype-rewrite-3.0.4.tgz#ffe3498697cb2fe1fbae843dac81ad2ed3880556"
  integrity sha512-ZpIEwSinmzI0S2QbuWH5yXodG6hgxm2FzwxGViKOIjCJHgDh+LgUgcsjGPftabeCCuzRefsIdGVPivaDddRNYg==
  dependencies:
    hast-util-select "5.0.1"
    unified "10.1.0"
    unist-util-visit "4.1.0"

rehype-stringify@^9.0.0, rehype-stringify@^9.0.3:
  version "9.0.3"
  resolved "https://registry.yarnpkg.com/rehype-stringify/-/rehype-stringify-9.0.3.tgz#70e3bd6d4d29e7acf36b802deed350305d2c3c17"
  integrity sha512-kWiZ1bgyWlgOxpqD5HnxShKAdXtb2IUljn3hQAhySeak6IOQPPt6DeGnsIh4ixm7yKJWzm8TXFuC/lPfcWHJqw==
  dependencies:
    "@types/hast" "^2.0.0"
    hast-util-to-html "^8.0.0"
    unified "^10.0.0"

rehype@^12.0.1:
  version "12.0.1"
  resolved "https://registry.yarnpkg.com/rehype/-/rehype-12.0.1.tgz#68a317662576dcaa2565a3952e149d6900096bf6"
  integrity sha512-ey6kAqwLM3X6QnMDILJthGvG1m1ULROS9NT4uG9IDCuv08SFyLlreSuvOa//DgEvbXx62DS6elGVqusWhRUbgw==
  dependencies:
    "@types/hast" "^2.0.0"
    rehype-parse "^8.0.0"
    rehype-stringify "^9.0.0"
    unified "^10.0.0"

space-separated-tokens@^2.0.0:
  version "2.0.1"
  resolved "https://registry.yarnpkg.com/space-separated-tokens/-/space-separated-tokens-2.0.1.tgz#43193cec4fb858a2ce934b7f98b7f2c18107098b"
  integrity sha512-ekwEbFp5aqSPKaqeY1PGrlGQxPNaq+Cnx4+bE2D8sciBQrHpbwoBbawqTN2+6jPs9IdWxxiUcN0K2pkczD3zmw==

stringify-entities@^4.0.2:
  version "4.0.2"
  resolved "https://registry.yarnpkg.com/stringify-entities/-/stringify-entities-4.0.2.tgz#13d113dc7449dc8ae4cb22c28883ee3fff8753e3"
  integrity sha512-MTxTVcEkorNtBbNpoFJPEh0kKdM6+QbMjLbaxmvaPMmayOXdr/AIVIIJX7FReUVweRBFJfZepK4A4AKgwuFpMQ==
  dependencies:
    character-entities-html4 "^2.0.0"
    character-entities-legacy "^3.0.0"

trough@^2.0.0:
  version "2.1.0"
  resolved "https://registry.yarnpkg.com/trough/-/trough-2.1.0.tgz#0f7b511a4fde65a46f18477ab38849b22c554876"
  integrity sha512-AqTiAOLcj85xS7vQ8QkAV41hPDIJ71XJB4RCUrzo/1GM2CQwhkJGaf9Hgr7BOugMRpgGUrqRg/DrBDl4H40+8g==

unified@10.1.0:
  version "10.1.0"
  resolved "https://registry.yarnpkg.com/unified/-/unified-10.1.0.tgz#4e65eb38fc2448b1c5ee573a472340f52b9346fe"
  integrity sha512-4U3ru/BRXYYhKbwXV6lU6bufLikoAavTwev89H5UxY8enDFaAT2VXmIXYNm6hb5oHPng/EXr77PVyDFcptbk5g==
  dependencies:
    "@types/unist" "^2.0.0"
    bail "^2.0.0"
    extend "^3.0.0"
    is-buffer "^2.0.0"
    is-plain-obj "^4.0.0"
    trough "^2.0.0"
    vfile "^5.0.0"

unified@^10.0.0:
  version "10.1.1"
  resolved "https://registry.yarnpkg.com/unified/-/unified-10.1.1.tgz#345e349e3ab353ab612878338eb9d57b4dea1d46"
  integrity sha512-v4ky1+6BN9X3pQrOdkFIPWAaeDsHPE1svRDxq7YpTc2plkIqFMwukfqM+l0ewpP9EfwARlt9pPFAeWYhHm8X9w==
  dependencies:
    "@types/unist" "^2.0.0"
    bail "^2.0.0"
    extend "^3.0.0"
    is-buffer "^2.0.0"
    is-plain-obj "^4.0.0"
    trough "^2.0.0"
    vfile "^5.0.0"

unist-util-is@^5.0.0:
  version "5.1.1"
  resolved "https://registry.yarnpkg.com/unist-util-is/-/unist-util-is-5.1.1.tgz#e8aece0b102fa9bc097b0fef8f870c496d4a6236"
  integrity sha512-F5CZ68eYzuSvJjGhCLPL3cYx45IxkqXSetCcRgUXtbcm50X2L9oOWQlfUfDdAf+6Pd27YDblBfdtmsThXmwpbQ==

unist-util-stringify-position@^3.0.0:
  version "3.0.0"
  resolved "https://registry.yarnpkg.com/unist-util-stringify-position/-/unist-util-stringify-position-3.0.0.tgz#d517d2883d74d0daa0b565adc3d10a02b4a8cde9"
  integrity sha512-SdfAl8fsDclywZpfMDTVDxA2V7LjtRDTOFd44wUJamgl6OlVngsqWjxvermMYf60elWHbxhuRCZml7AnuXCaSA==
  dependencies:
    "@types/unist" "^2.0.0"

unist-util-visit-parents@^5.0.0:
  version "5.1.0"
  resolved "https://registry.yarnpkg.com/unist-util-visit-parents/-/unist-util-visit-parents-5.1.0.tgz#44bbc5d25f2411e7dfc5cecff12de43296aa8521"
  integrity sha512-y+QVLcY5eR/YVpqDsLf/xh9R3Q2Y4HxkZTp7ViLDU6WtJCEcPmRzW1gpdWDCDIqIlhuPDXOgttqPlykrHYDekg==
  dependencies:
    "@types/unist" "^2.0.0"
    unist-util-is "^5.0.0"

unist-util-visit@4.1.0, unist-util-visit@^4.0.0:
  version "4.1.0"
  resolved "https://registry.yarnpkg.com/unist-util-visit/-/unist-util-visit-4.1.0.tgz#f41e407a9e94da31594e6b1c9811c51ab0b3d8f5"
  integrity sha512-n7lyhFKJfVZ9MnKtqbsqkQEk5P1KShj0+//V7mAcoI6bpbUjh3C/OG8HVD+pBihfh6Ovl01m8dkcv9HNqYajmQ==
  dependencies:
    "@types/unist" "^2.0.0"
    unist-util-is "^5.0.0"
    unist-util-visit-parents "^5.0.0"

vfile-location@^4.0.0:
  version "4.0.1"
  resolved "https://registry.yarnpkg.com/vfile-location/-/vfile-location-4.0.1.tgz#06f2b9244a3565bef91f099359486a08b10d3a95"
  integrity sha512-JDxPlTbZrZCQXogGheBHjbRWjESSPEak770XwWPfw5mTc1v1nWGLB/apzZxsx8a0SJVfF8HK8ql8RD308vXRUw==
  dependencies:
    "@types/unist" "^2.0.0"
    vfile "^5.0.0"

vfile-message@^3.0.0:
  version "3.1.0"
  resolved "https://registry.yarnpkg.com/vfile-message/-/vfile-message-3.1.0.tgz#5437035aa43185ff4b9210d32fada6c640e59143"
  integrity sha512-4QJbBk+DkPEhBXq3f260xSaWtjE4gPKOfulzfMFF8ZNwaPZieWsg3iVlcmF04+eebzpcpeXOOFMfrYzJHVYg+g==
  dependencies:
    "@types/unist" "^2.0.0"
    unist-util-stringify-position "^3.0.0"

vfile@^5.0.0:
  version "5.3.0"
  resolved "https://registry.yarnpkg.com/vfile/-/vfile-5.3.0.tgz#4990c78cb3157005590ee8c930b71cd7fa6a006e"
  integrity sha512-Tj44nY/48OQvarrE4FAjUfrv7GZOYzPbl5OD65HxVKwLJKMPU7zmfV8cCgCnzKWnSfYG2f3pxu+ALqs7j22xQQ==
  dependencies:
    "@types/unist" "^2.0.0"
    is-buffer "^2.0.0"
    unist-util-stringify-position "^3.0.0"
    vfile-message "^3.0.0"

web-namespaces@^2.0.0:
  version "2.0.1"
  resolved "https://registry.yarnpkg.com/web-namespaces/-/web-namespaces-2.0.1.tgz#1010ff7c650eccb2592cebeeaf9a1b253fd40692"
  integrity sha512-bKr1DkiNa2krS7qxNtdrtHAmzuYGFQLiQ13TsorsdT6ULTkPLKuu5+GsFpDlg6JFjUTwX2DyhMPG2be8uPrqsQ==

zwitch@^2.0.0:
  version "2.0.2"
  resolved "https://registry.yarnpkg.com/zwitch/-/zwitch-2.0.2.tgz#91f8d0e901ffa3d66599756dde7f57b17c95dce1"
  integrity sha512-JZxotl7SxAJH0j7dN4pxsTV6ZLXoLdGME+PsjkL/DaBrVryK9kTGq06GfKrwcSOqypP+fdXGoCHE36b99fWVoA==
